
Microsoft Visual Studio Solution File, Format Version 12.00
# Visual Studio 15
Project("{FAE04EC0-301F-11D3-BF4B-00C04F79EFBC}") = "S5_Exercises2", "S5_Exercises2\S5_Exercises2.csproj", "{AEA63438-3752-4A78-9A48-7E23B2DE06BC}"
EndProject
Global
	GlobalSection(SolutionConfigurationPlatforms) = preSolution
		Debug|Any CPU = Debug|Any CPU
		Release|Any CPU = Release|Any CPU
	EndGlobalSection
	GlobalSection(ProjectConfigurationPlatforms) = postSolution
		{AEA63438-3752-4A78-9A48-7E23B2DE06BC}.Debug|Any CPU.ActiveCfg = Debug|Any CPU
		{AEA63438-3752-4A78-9A48-7E23B2DE06BC}.Debug|Any CPU.Build.0 = Debug|Any CPU
		{AEA63438-3752-4A78-9A48-7E23B2DE06BC}.Release|Any CPU.ActiveCfg = Release|Any CPU
		{AEA63438-3752-4A78-9A48-7E23B2DE06BC}.Release|Any CPU.Build.0 = Release|Any CPU
	EndGlobalSection
EndGlobal
