
Microsoft Visual Studio Solution File, Format Version 12.00
# Visual Studio 15
Project("{FAE04EC0-301F-11D3-BF4B-00C04F79EFBC}") = "S8_Exercises4", "S8_Exercises4\S8_Exercises4.csproj", "{F1318404-456E-4478-ADF9-F595242C0C88}"
EndProject
Global
	GlobalSection(SolutionConfigurationPlatforms) = preSolution
		Debug|Any CPU = Debug|Any CPU
		Release|Any CPU = Release|Any CPU
	EndGlobalSection
	GlobalSection(ProjectConfigurationPlatforms) = postSolution
		{F1318404-456E-4478-ADF9-F595242C0C88}.Debug|Any CPU.ActiveCfg = Debug|Any CPU
		{F1318404-456E-4478-ADF9-F595242C0C88}.Debug|Any CPU.Build.0 = Debug|Any CPU
		{F1318404-456E-4478-ADF9-F595242C0C88}.Release|Any CPU.ActiveCfg = Release|Any CPU
		{F1318404-456E-4478-ADF9-F595242C0C88}.Release|Any CPU.Build.0 = Release|Any CPU
	EndGlobalSection
EndGlobal
