
Microsoft Visual Studio Solution File, Format Version 12.00
# Visual Studio 15
Project("{FAE04EC0-301F-11D3-BF4B-00C04F79EFBC}") = "S9_WorkingWithFiles", "S9_WorkingWithFiles\S9_WorkingWithFiles.csproj", "{1B913ADA-856B-4F04-9A4D-7B65981FDA39}"
EndProject
Global
	GlobalSection(SolutionConfigurationPlatforms) = preSolution
		Debug|Any CPU = Debug|Any CPU
		Release|Any CPU = Release|Any CPU
	EndGlobalSection
	GlobalSection(ProjectConfigurationPlatforms) = postSolution
		{1B913ADA-856B-4F04-9A4D-7B65981FDA39}.Debug|Any CPU.ActiveCfg = Debug|Any CPU
		{1B913ADA-856B-4F04-9A4D-7B65981FDA39}.Debug|Any CPU.Build.0 = Debug|Any CPU
		{1B913ADA-856B-4F04-9A4D-7B65981FDA39}.Release|Any CPU.ActiveCfg = Release|Any CPU
		{1B913ADA-856B-4F04-9A4D-7B65981FDA39}.Release|Any CPU.Build.0 = Release|Any CPU
	EndGlobalSection
EndGlobal
