
Microsoft Visual Studio Solution File, Format Version 12.00
# Visual Studio 15
Project("{FAE04EC0-301F-11D3-BF4B-00C04F79EFBC}") = "S8_String", "S8_String\S8_String.csproj", "{56E55C9A-471C-45B3-B5CC-205C42444877}"
EndProject
Global
	GlobalSection(SolutionConfigurationPlatforms) = preSolution
		Debug|Any CPU = Debug|Any CPU
		Release|Any CPU = Release|Any CPU
	EndGlobalSection
	GlobalSection(ProjectConfigurationPlatforms) = postSolution
		{56E55C9A-471C-45B3-B5CC-205C42444877}.Debug|Any CPU.ActiveCfg = Debug|Any CPU
		{56E55C9A-471C-45B3-B5CC-205C42444877}.Debug|Any CPU.Build.0 = Debug|Any CPU
		{56E55C9A-471C-45B3-B5CC-205C42444877}.Release|Any CPU.ActiveCfg = Release|Any CPU
		{56E55C9A-471C-45B3-B5CC-205C42444877}.Release|Any CPU.Build.0 = Release|Any CPU
	EndGlobalSection
EndGlobal
